
Microsoft Visual Studio Solution File, Format Version 12.00
Project("{2150E333-8FDC-42A3-9474-1A3956D46DE8}") = "src", "src", "{49061C30-4142-4803-B38C-6E82D2354872}"
EndProject
Project("{2150E333-8FDC-42A3-9474-1A3956D46DE8}") = "tests", "tests", "{2CC84D31-5578-4916-9D07-8346D8DC6171}"
EndProject
Project("{2150E333-8FDC-42A3-9474-1A3956D46DE8}") = "benchmarks", "benchmarks", "{03F396D1-23C9-4493-AB58-6C7E4E48524B}"
EndProject
Project("{FAE04EC0-301F-11D3-BF4B-00C04F79EFBC}") = "CrossValidation", "src\CrossValidation\CrossValidation.csproj", "{049100B9-0B86-42B3-8612-CEB09A4FAE0F}"
EndProject
Project("{FAE04EC0-301F-11D3-BF4B-00C04F79EFBC}") = "CrossValidation.WebApplication", "tests\CrossValidation.WebApplication\CrossValidation.WebApplication.csproj", "{EF3BA893-56D8-45B8-8E20-53AC5B804D0B}"
EndProject
Project("{FAE04EC0-301F-11D3-BF4B-00C04F79EFBC}") = "CrossValidation.UnitTests", "tests\CrossValidation.UnitTests\CrossValidation.UnitTests.csproj", "{C151B7FD-3DFC-4ABB-A38A-5C2A2D2FAD1A}"
EndProject
Project("{FAE04EC0-301F-11D3-BF4B-00C04F79EFBC}") = "CrossValidation.Benchmarks", "benchmarks\CrossValidation.Benchmarks\CrossValidation.Benchmarks.csproj", "{5955B6A6-936B-4AF7-BA40-3131368A93EB}"
EndProject
Project("{FAE04EC0-301F-11D3-BF4B-00C04F79EFBC}") = "CrossValidation.SourceGenerators", "src\CrossValidation.SourceGenerators\CrossValidation.SourceGenerators.csproj", "{4ED6FB4C-B475-461B-966D-81D3CFECB404}"
EndProject
Project("{FAE04EC0-301F-11D3-BF4B-00C04F79EFBC}") = "CrossValidation.SourceGenerators.UnitTests", "tests\CrossValidation.SourceGenerators.UnitTests\CrossValidation.SourceGenerators.UnitTests.csproj", "{116D55CE-6AA7-49E5-9212-ACCAC73A4340}"
EndProject
Project("{FAE04EC0-301F-11D3-BF4B-00C04F79EFBC}") = "CrossValidation.AspNetCore", "src\CrossValidation.AspNetCore\CrossValidation.AspNetCore.csproj", "{C8BF1853-2A2D-41EC-84C8-86C87D96CCB0}"
EndProject
Project("{FAE04EC0-301F-11D3-BF4B-00C04F79EFBC}") = "CrossValidation.AspNetCore.IntegrationTests", "tests\CrossValidation.AspNetCore.IntegrationTests\CrossValidation.AspNetCore.IntegrationTests.csproj", "{502AFFCB-1942-4EA8-93FA-52A5A8BDBC12}"
EndProject
Global
	GlobalSection(SolutionConfigurationPlatforms) = preSolution
		Debug|Any CPU = Debug|Any CPU
		Release|Any CPU = Release|Any CPU
	EndGlobalSection
	GlobalSection(ProjectConfigurationPlatforms) = postSolution
		{049100B9-0B86-42B3-8612-CEB09A4FAE0F}.Debug|Any CPU.ActiveCfg = Debug|Any CPU
		{049100B9-0B86-42B3-8612-CEB09A4FAE0F}.Debug|Any CPU.Build.0 = Debug|Any CPU
		{049100B9-0B86-42B3-8612-CEB09A4FAE0F}.Release|Any CPU.ActiveCfg = Release|Any CPU
		{049100B9-0B86-42B3-8612-CEB09A4FAE0F}.Release|Any CPU.Build.0 = Release|Any CPU
		{EF3BA893-56D8-45B8-8E20-53AC5B804D0B}.Debug|Any CPU.ActiveCfg = Debug|Any CPU
		{EF3BA893-56D8-45B8-8E20-53AC5B804D0B}.Debug|Any CPU.Build.0 = Debug|Any CPU
		{EF3BA893-56D8-45B8-8E20-53AC5B804D0B}.Release|Any CPU.ActiveCfg = Release|Any CPU
		{EF3BA893-56D8-45B8-8E20-53AC5B804D0B}.Release|Any CPU.Build.0 = Release|Any CPU
		{C151B7FD-3DFC-4ABB-A38A-5C2A2D2FAD1A}.Debug|Any CPU.ActiveCfg = Debug|Any CPU
		{C151B7FD-3DFC-4ABB-A38A-5C2A2D2FAD1A}.Debug|Any CPU.Build.0 = Debug|Any CPU
		{C151B7FD-3DFC-4ABB-A38A-5C2A2D2FAD1A}.Release|Any CPU.ActiveCfg = Release|Any CPU
		{C151B7FD-3DFC-4ABB-A38A-5C2A2D2FAD1A}.Release|Any CPU.Build.0 = Release|Any CPU
		{5955B6A6-936B-4AF7-BA40-3131368A93EB}.Debug|Any CPU.ActiveCfg = Debug|Any CPU
		{5955B6A6-936B-4AF7-BA40-3131368A93EB}.Debug|Any CPU.Build.0 = Debug|Any CPU
		{5955B6A6-936B-4AF7-BA40-3131368A93EB}.Release|Any CPU.ActiveCfg = Release|Any CPU
		{5955B6A6-936B-4AF7-BA40-3131368A93EB}.Release|Any CPU.Build.0 = Release|Any CPU
		{4ED6FB4C-B475-461B-966D-81D3CFECB404}.Debug|Any CPU.ActiveCfg = Debug|Any CPU
		{4ED6FB4C-B475-461B-966D-81D3CFECB404}.Debug|Any CPU.Build.0 = Debug|Any CPU
		{4ED6FB4C-B475-461B-966D-81D3CFECB404}.Release|Any CPU.ActiveCfg = Release|Any CPU
		{4ED6FB4C-B475-461B-966D-81D3CFECB404}.Release|Any CPU.Build.0 = Release|Any CPU
		{116D55CE-6AA7-49E5-9212-ACCAC73A4340}.Debug|Any CPU.ActiveCfg = Debug|Any CPU
		{116D55CE-6AA7-49E5-9212-ACCAC73A4340}.Debug|Any CPU.Build.0 = Debug|Any CPU
		{116D55CE-6AA7-49E5-9212-ACCAC73A4340}.Release|Any CPU.ActiveCfg = Release|Any CPU
		{116D55CE-6AA7-49E5-9212-ACCAC73A4340}.Release|Any CPU.Build.0 = Release|Any CPU
		{C8BF1853-2A2D-41EC-84C8-86C87D96CCB0}.Debug|Any CPU.ActiveCfg = Debug|Any CPU
		{C8BF1853-2A2D-41EC-84C8-86C87D96CCB0}.Debug|Any CPU.Build.0 = Debug|Any CPU
		{C8BF1853-2A2D-41EC-84C8-86C87D96CCB0}.Release|Any CPU.ActiveCfg = Release|Any CPU
		{C8BF1853-2A2D-41EC-84C8-86C87D96CCB0}.Release|Any CPU.Build.0 = Release|Any CPU
		{502AFFCB-1942-4EA8-93FA-52A5A8BDBC12}.Debug|Any CPU.ActiveCfg = Debug|Any CPU
		{502AFFCB-1942-4EA8-93FA-52A5A8BDBC12}.Debug|Any CPU.Build.0 = Debug|Any CPU
		{502AFFCB-1942-4EA8-93FA-52A5A8BDBC12}.Release|Any CPU.ActiveCfg = Release|Any CPU
		{502AFFCB-1942-4EA8-93FA-52A5A8BDBC12}.Release|Any CPU.Build.0 = Release|Any CPU
	EndGlobalSection
	GlobalSection(NestedProjects) = preSolution
		{049100B9-0B86-42B3-8612-CEB09A4FAE0F} = {49061C30-4142-4803-B38C-6E82D2354872}
		{EF3BA893-56D8-45B8-8E20-53AC5B804D0B} = {2CC84D31-5578-4916-9D07-8346D8DC6171}
		{C151B7FD-3DFC-4ABB-A38A-5C2A2D2FAD1A} = {2CC84D31-5578-4916-9D07-8346D8DC6171}
		{5955B6A6-936B-4AF7-BA40-3131368A93EB} = {03F396D1-23C9-4493-AB58-6C7E4E48524B}
		{4ED6FB4C-B475-461B-966D-81D3CFECB404} = {49061C30-4142-4803-B38C-6E82D2354872}
		{116D55CE-6AA7-49E5-9212-ACCAC73A4340} = {2CC84D31-5578-4916-9D07-8346D8DC6171}
		{C8BF1853-2A2D-41EC-84C8-86C87D96CCB0} = {49061C30-4142-4803-B38C-6E82D2354872}
		{502AFFCB-1942-4EA8-93FA-52A5A8BDBC12} = {2CC84D31-5578-4916-9D07-8346D8DC6171}
	EndGlobalSection
EndGlobal
